
Microsoft Visual Studio Solution File, Format Version 12.00
# Visual Studio Version 16
VisualStudioVersion = 16.0.30413.136
MinimumVisualStudioVersion = 10.0.40219.1
Project("{9A19103F-16F7-4668-BE54-9A1E7A4F7556}") = "FAQ", "FAQ\FAQ.csproj", "{5214CD36-1D79-49F5-99C8-C479D67D3C13}"
EndProject
Project("{9A19103F-16F7-4668-BE54-9A1E7A4F7556}") = "CreateNewTableClass", "CreateNewTableClass\CreateNewTableClass.csproj", "{5C46518C-EBA5-4312-BD08-93AC5234893A}"
EndProject
Project("{9A19103F-16F7-4668-BE54-9A1E7A4F7556}") = "DTO", "DTO\DTO.csproj", "{39B817CA-D1CC-46D2-BEC4-8C77AD5117E3}"
EndProject
Project("{FAE04EC0-301F-11D3-BF4B-00C04F79EFBC}") = "DAL", "DAL\DAL.csproj", "{094B181B-3FC5-4BE5-ABEF-DFEAF1B9C848}"
EndProject
Project("{FAE04EC0-301F-11D3-BF4B-00C04F79EFBC}") = "BLL", "BLL\BLL.csproj", "{8A41FE5F-2384-4FFB-983C-65D8386926C9}"
EndProject
Global
	GlobalSection(SolutionConfigurationPlatforms) = preSolution
		Debug|Any CPU = Debug|Any CPU
		Release|Any CPU = Release|Any CPU
	EndGlobalSection
	GlobalSection(ProjectConfigurationPlatforms) = postSolution
		{5214CD36-1D79-49F5-99C8-C479D67D3C13}.Debug|Any CPU.ActiveCfg = Debug|Any CPU
		{5214CD36-1D79-49F5-99C8-C479D67D3C13}.Debug|Any CPU.Build.0 = Debug|Any CPU
		{5214CD36-1D79-49F5-99C8-C479D67D3C13}.Release|Any CPU.ActiveCfg = Release|Any CPU
		{5214CD36-1D79-49F5-99C8-C479D67D3C13}.Release|Any CPU.Build.0 = Release|Any CPU
		{5C46518C-EBA5-4312-BD08-93AC5234893A}.Debug|Any CPU.ActiveCfg = Debug|Any CPU
		{5C46518C-EBA5-4312-BD08-93AC5234893A}.Debug|Any CPU.Build.0 = Debug|Any CPU
		{5C46518C-EBA5-4312-BD08-93AC5234893A}.Release|Any CPU.ActiveCfg = Release|Any CPU
		{5C46518C-EBA5-4312-BD08-93AC5234893A}.Release|Any CPU.Build.0 = Release|Any CPU
		{39B817CA-D1CC-46D2-BEC4-8C77AD5117E3}.Debug|Any CPU.ActiveCfg = Debug|Any CPU
		{39B817CA-D1CC-46D2-BEC4-8C77AD5117E3}.Debug|Any CPU.Build.0 = Debug|Any CPU
		{39B817CA-D1CC-46D2-BEC4-8C77AD5117E3}.Release|Any CPU.ActiveCfg = Release|Any CPU
		{39B817CA-D1CC-46D2-BEC4-8C77AD5117E3}.Release|Any CPU.Build.0 = Release|Any CPU
		{094B181B-3FC5-4BE5-ABEF-DFEAF1B9C848}.Debug|Any CPU.ActiveCfg = Debug|Any CPU
		{094B181B-3FC5-4BE5-ABEF-DFEAF1B9C848}.Debug|Any CPU.Build.0 = Debug|Any CPU
		{094B181B-3FC5-4BE5-ABEF-DFEAF1B9C848}.Release|Any CPU.ActiveCfg = Release|Any CPU
		{094B181B-3FC5-4BE5-ABEF-DFEAF1B9C848}.Release|Any CPU.Build.0 = Release|Any CPU
		{8A41FE5F-2384-4FFB-983C-65D8386926C9}.Debug|Any CPU.ActiveCfg = Debug|Any CPU
		{8A41FE5F-2384-4FFB-983C-65D8386926C9}.Debug|Any CPU.Build.0 = Debug|Any CPU
		{8A41FE5F-2384-4FFB-983C-65D8386926C9}.Release|Any CPU.ActiveCfg = Release|Any CPU
		{8A41FE5F-2384-4FFB-983C-65D8386926C9}.Release|Any CPU.Build.0 = Release|Any CPU
	EndGlobalSection
	GlobalSection(SolutionProperties) = preSolution
		HideSolutionNode = FALSE
	EndGlobalSection
	GlobalSection(ExtensibilityGlobals) = postSolution
		SolutionGuid = {BFCBC59A-F398-4B87-BA82-CB4C113863D4}
	EndGlobalSection
EndGlobal
